
Microsoft Visual Studio Solution File, Format Version 12.00
# Visual Studio Version 17
VisualStudioVersion = 17.5.33516.290
MinimumVisualStudioVersion = 10.0.40219.1
Project("{FAE04EC0-301F-11D3-BF4B-00C04F79EFBC}") = "WorkingWithRevitFamilies", "WorkingWithRevitFamilies\WorkingWithRevitFamilies.csproj", "{9FA9DB52-3E5E-4FAC-B97E-09E9F55D653B}"
EndProject
Global
	GlobalSection(SolutionConfigurationPlatforms) = preSolution
		Debug|Any CPU = Debug|Any CPU
		Release|Any CPU = Release|Any CPU
	EndGlobalSection
	GlobalSection(ProjectConfigurationPlatforms) = postSolution
		{9FA9DB52-3E5E-4FAC-B97E-09E9F55D653B}.Debug|Any CPU.ActiveCfg = Debug|Any CPU
		{9FA9DB52-3E5E-4FAC-B97E-09E9F55D653B}.Debug|Any CPU.Build.0 = Debug|Any CPU
		{9FA9DB52-3E5E-4FAC-B97E-09E9F55D653B}.Release|Any CPU.ActiveCfg = Release|Any CPU
		{9FA9DB52-3E5E-4FAC-B97E-09E9F55D653B}.Release|Any CPU.Build.0 = Release|Any CPU
	EndGlobalSection
	GlobalSection(SolutionProperties) = preSolution
		HideSolutionNode = FALSE
	EndGlobalSection
	GlobalSection(ExtensibilityGlobals) = postSolution
		SolutionGuid = {B1B48678-8392-4428-A39B-92E681B1DC9C}
	EndGlobalSection
EndGlobal
